# This file is automatically @generated by pesde.
# It is not intended for manual editing.
format = 2
name = "rvy/replecs_rbx"
version = "0.1.0"
target = "roblox"

[graph."wally#pepeeltoro41/jecs-utils@1.4.3 roblox"]
direct = ["jecs_utils", { wally = "wally#pepeeltoro41/jecs-utils", version = "^1.4.1", index = "default" }, "standard"]

[graph."wally#pepeeltoro41/jecs-utils@1.4.3 roblox".dependencies]
jecs = ["wally#ukendio/jecs@0.11.0 roblox", "standard"]

[graph."wally#pepeeltoro41/jecs-utils@1.4.3 roblox".pkg_ref]
ref_ty = "wally"
index_url = "https://github.com/UpliftGames/wally-index"

[graph."wally#pepeeltoro41/jecs-utils@1.4.3 roblox".pkg_ref.dependencies]
jecs = [{ wally = "wally#ukendio/jecs", version = ">=0.11.0, <0.12.0", index = "https://github.com/UpliftGames/wally-index" }, "standard"]

[graph."wally#pepeeltoro41/replecs@0.3.1 roblox"]
direct = ["replecs", { wally = "wally#pepeeltoro41/replecs", version = "^0.3.1", index = "default" }, "standard"]

[graph."wally#pepeeltoro41/replecs@0.3.1 roblox".dependencies]
jecs = ["wally#ukendio/jecs@0.10.4 roblox", "standard"]

[graph."wally#pepeeltoro41/replecs@0.3.1 roblox".pkg_ref]
ref_ty = "wally"
index_url = "https://github.com/UpliftGames/wally-index"

[graph."wally#pepeeltoro41/replecs@0.3.1 roblox".pkg_ref.dependencies]
jecs = [{ wally = "wally#ukendio/jecs", version = ">=0.10.0, <0.11.0", index = "https://github.com/UpliftGames/wally-index" }, "standard"]

[graph."wally#ukendio/jecs@0.10.4 roblox"]
direct = ["jecs", { wally = "wally#ukendio/jecs", version = "^0.10.4", index = "default" }, "standard"]

[graph."wally#ukendio/jecs@0.10.4 roblox".pkg_ref]
ref_ty = "wally"
index_url = "https://github.com/UpliftGames/wally-index"

[graph."wally#ukendio/jecs@0.11.0 roblox".pkg_ref]
ref_ty = "wally"
index_url = "https://github.com/UpliftGames/wally-index"
